eliasnaur.com/font v0.0.0-20230308162249-dd43949cb42d h1:ARo7NCVvN2NdhLlJE9xAbKweuI9L6UgfTbYb0YwPacY=
eliasnaur.com/font v0.0.0-20230308162249-dd43949cb42d/go.mod h1:OYVuxibdk9OSLX8vAqydtRPP87PyTFcT9uH3MlEGBQA=
gioui.org v0.7.1 h1:l7OVj47n1z8acaszQ6Wlu+Rxme+HqF3q8b+Fs68+x3w=
gioui.org v0.7.1/go.mod h1:5Kw/q7R1BWc5MKStuTNvhCgSrRqbfHc9Dzfjs4IGgZo=
gioui.org v0.8.0/go.mod h1:vEMmpxMOd/iwJhXvGVIzWEbxMWhnMQ9aByOGQdlQ8rc=
gioui.org v0.8.1-0.20250223181602-72a72a2bc21a h1:s87Jhp366z1StNZmdOBu2696L6k+NQR7jFV9k8BNK88=
gioui.org v0.8.1-0.20250223181602-72a72a2bc21a/go.mod h1:JnoLsqpYezue9ZRMG7E2hOXar1/oAE9ZFkiFfF4oULs=
gioui.org/cmd v0.8.0 h1:oy5qOlc1UXcglc5HBCMZQELiIzQ2obhT98mw+SuWafQ=
gioui.org/cmd v0.8.0/go.mod h1:wKLAyAgRR25VMYFzGX2Ecia0m0Td562wDcZ3LaPHPTI=
gioui.org/cpu v0.0.0-20210808092351-bfe733dd3334/go.mod h1:A8M0Cn5o+vY5LTMlnRoK3O5kG+rH0kWfJjeKd9QpBmQ=
gioui.org/cpu v0.0.0-20220412190645-f1e9e8c3b1f7 h1:tNJdnP5CgM39PRc+KWmBRRYX/zJ+rd5XaYxY5d5veqA=
gioui.org/cpu v0.0.0-20220412190645-f1e9e8c3b1f7/go.mod h1:A8M0Cn5o+vY5LTMlnRoK3O5kG+rH0kWfJjeKd9QpBmQ=
gioui.org/example v0.8.2-0.20250227093625-76286d538a44 h1:fNFDQk9ApJ3NCowGH8FJOQI2CdmPgG8eRtTkmVZtS+o=
gioui.org/example v0.8.2-0.20250227093625-76286d538a44/go.mod h1:NTctrwkcz3Jj2TbcgPTaqmQjDZaRhvcJr2Hn8uA6BLI=
gioui.org/shader v1.0.8 h1:6ks0o/A+b0ne7RzEqRZK5f4Gboz2CfG+mVliciy6+qA=
gioui.org/shader v1.0.8/go.mod h1:mWdiME581d/kV7/iEhLmUgUK5iZ09XR5XpduXzbePVM=
gioui.org/x v0.8.2-0.20250115181849-c005f2ad1592 h1:n7iW0im2lkdwiykN/WkQYDaJbRxxQ8ojag3AvyOcv/o=
gioui.org/x v0.8.2-0.20250115181849-c005f2ad1592/go.mod h1:v2g60aiZtIVR7lNFXZ123+U0kijJeOChODSuqr7MFSI=
github.com/akavel/rsrc v0.10.1 h1:hCCPImjmFKVNGpeLZyTDRHEFC283DzyTXTo0cO0Rq9o=
github.com/akavel/rsrc v0.10.1/go.mod h1:uLoCtb9J+EyAqh+26kdrTgmzRBFPGOolLWKpdxkKq+c=
github.com/alecthomas/chroma/v2 v2.15.0 h1:LxXTQHFoYrstG2nnV9y2X5O94sOBzf0CIUpSTbpxvMc=
github.com/alecthomas/chroma/v2 v2.15.0/go.mod h1:gUhVLrPDXPtp/f+L1jo9xepo9gL4eLwRuGAunSZMkio=
github.com/cespare/xxhash/v2 v2.3.0 h1:UL815xU9SqsFlibzuggzjXhog7bL6oX9BbNZnL2UFvs=
github.com/cespare/xxhash/v2 v2.3.0/go.mod h1:VGX0DQ3Q6kWi7AoAeZDth3/j3BFtOZR5XLFGgcrjCOs=
github.com/davecgh/go-spew v1.1.0/go.mod h1:J7Y8YcW2NihsgmVo/mv3lAwl/skON4iLHjSsI+c5H38=
github.com/davecgh/go-spew v1.1.2-0.20180830191138-d8f796af33cc h1:U9qPSI2PIWSS1VwoXQT9A3Wy9MM3WgvqSxFWenqJduM=
github.com/davecgh/go-spew v1.1.2-0.20180830191138-d8f796af33cc/go.mod h1:J7Y8YcW2NihsgmVo/mv3lAwl/skON4iLHjSsI+c5H38=
github.com/dc0d/caseconv v0.5.0 h1:z3Ki2zszD03beetWyNAGa3NOAbnDJk+bX0tvcx9BKjQ=
github.com/dc0d/caseconv v0.5.0/go.mod h1:/CrBBNtMoPTPf0INHrwyyhDrDjAJ9PFE+WuxSJHU0ZE=
github.com/ddkwork/app v0.0.0-20250227042441-beebdfdc64cb h1:D/eQj02KTGgelHiAflHjNDp2AGaNOUdgNEmwkbmjgo4=
github.com/ddkwork/app v0.0.0-20250227042441-beebdfdc64cb/go.mod h1:BlxTLJbozZ7lkWY1g7L24HUxkAX0rIvEZMOPegDKbhA=
github.com/ddkwork/app v0.0.0-20250305122938-3f4407a4e5df h1:+HSbVnCtFHjw2nu2SOn+Snns3PaiwEGVyyIKF0tUOGE=
github.com/ddkwork/app v0.0.0-20250305122938-3f4407a4e5df/go.mod h1:Z3KeAzxewr8j5EXUyzbhCpdFYsYQC9yZ2c+xMFt/IE8=
github.com/ddkwork/app v0.0.0-20250305185906-863e065390d6 h1:WLClZzEK5ehI043BiYl0LHErRNpH6rzRLaugUhRvLbE=
github.com/ddkwork/app v0.0.0-20250305185906-863e065390d6/go.mod h1:faA28kORprPbb5omMVoZmGx57AdIUc3kydpPlLYbvf4=
github.com/ddkwork/golibrary v0.0.0-20241112074014-248213a55305 h1:CTRQRB4logac06exlCLFbsjJepInB4uKa11w0c8vztA=
github.com/ddkwork/golibrary v0.0.0-20241112074014-248213a55305/go.mod h1:qiMzDxTwpLJ9hDTOdffR1FHJ44sZbshtVl5fvt2l/Cs=
github.com/ddkwork/golibrary v0.0.0-20250101083646-7f7ce7d4075c h1:aRjCD0Un5kbwxfXL0Bpiqc+FTm4xHMBZQRFftGbYT98=
github.com/ddkwork/golibrary v0.0.0-20250101083646-7f7ce7d4075c/go.mod h1:fzfhl61kUu+Sn22VCEojlYr9lE8X0SZmbOocICR+0s0=
github.com/ddkwork/golibrary v0.0.0-20250101093329-d96f6524ebe4 h1:V32GfCpHQp5dZXTKw8K4BhKbtbmaUaP31t5eRpInN/g=
github.com/ddkwork/golibrary v0.0.0-20250101093329-d96f6524ebe4/go.mod h1:fzfhl61kUu+Sn22VCEojlYr9lE8X0SZmbOocICR+0s0=
github.com/ddkwork/golibrary v0.0.88-0.20250216081829-938757a0a8d6 h1:pzAz7RXIGMMSd1MjBbxFCNKN+KdZ14jelGcg7Vc1Ejg=
github.com/ddkwork/golibrary v0.0.88-0.20250216081829-938757a0a8d6/go.mod h1:XrYTnxQY1W3x6uqco4OMyZtaObXTo0lsC7Tzbf6Ab9Q=
github.com/ddkwork/golibrary v0.0.90 h1:BAVudgFgkLnunYqnybsgxx3w4pIWrfoc+OJauWjY6/Y=
github.com/ddkwork/golibrary v0.0.90/go.mod h1:XrYTnxQY1W3x6uqco4OMyZtaObXTo0lsC7Tzbf6Ab9Q=
github.com/ddkwork/golibrary v0.0.91-0.20250218040836-998049f41076 h1:ShrdpR0bNWx3wzC8u6WH3ZdRPZy4TVg2krzb4BUWEGc=
github.com/ddkwork/golibrary v0.0.91-0.20250218040836-998049f41076/go.mod h1:1gL0UKrg1P09z/AiaAWWtWxMT7a8+X8mWU6Ok9sYc8s=
github.com/ddkwork/golibrary v0.0.91-0.20250218042444-9cd6d330f714 h1:0DOse2fOkWMsRqiFcUEofwrlDTFGnC6Ehs/tnFEiorM=
github.com/ddkwork/golibrary v0.0.91-0.20250218042444-9cd6d330f714/go.mod h1:1gL0UKrg1P09z/AiaAWWtWxMT7a8+X8mWU6Ok9sYc8s=
github.com/ddkwork/golibrary v0.0.91-0.20250221042854-2f9e8bc45b92 h1:Be4l8KskZlsUQA4Zim5erRpI9RAWemCJo+lTTKtKXJc=
github.com/ddkwork/golibrary v0.0.91-0.20250221042854-2f9e8bc45b92/go.mod h1:1gL0UKrg1P09z/AiaAWWtWxMT7a8+X8mWU6Ok9sYc8s=
github.com/ddkwork/golibrary v0.0.91-0.20250221114559-8a02d569f328 h1:sd23iR6brHy0yWR+rTZ5HiGeqQ2/wQW/8xMq/Nu4IsA=
github.com/ddkwork/golibrary v0.0.91-0.20250221114559-8a02d569f328/go.mod h1:1gL0UKrg1P09z/AiaAWWtWxMT7a8+X8mWU6Ok9sYc8s=
github.com/ddkwork/golibrary v0.0.91-0.20250222100916-fc8029a3f592 h1:rSCExRy2Ne3P6VlJO3i129+nhUOZ5sDMHyMqUd5w8vU=
github.com/ddkwork/golibrary v0.0.91-0.20250222100916-fc8029a3f592/go.mod h1:6yNujFwybY0YmjNj7uDegka5mnO2Xg6XMNNtQ9TZ/gI=
github.com/ddkwork/golibrary v0.0.91-0.20250222134107-b787fdf70afa h1:W0jE6QIxxD/PPQp/yOGWOEDfNQpqGMFmdpbyliCvXqw=
github.com/ddkwork/golibrary v0.0.91-0.20250222134107-b787fdf70afa/go.mod h1:6yNujFwybY0YmjNj7uDegka5mnO2Xg6XMNNtQ9TZ/gI=
github.com/ddkwork/golibrary v0.0.91-0.20250223131750-a8104c43bca2 h1:AfDriquwTn1xkfXsFcSJTlC062Nc5Gl2G+B4XYXO0ys=
github.com/ddkwork/golibrary v0.0.91-0.20250223131750-a8104c43bca2/go.mod h1:6yNujFwybY0YmjNj7uDegka5mnO2Xg6XMNNtQ9TZ/gI=
github.com/ddkwork/golibrary v0.0.91-0.20250224160512-cae108870eee h1:Tap/rswOBRGT3jbuxeTSDZU2oT/LCE3ulAVbenQHNec=
github.com/ddkwork/golibrary v0.0.91-0.20250224160512-cae108870eee/go.mod h1:6yNujFwybY0YmjNj7uDegka5mnO2Xg6XMNNtQ9TZ/gI=
github.com/ddkwork/golibrary v0.0.91-0.20250225120832-ed50dea89457 h1:02fo2Yu3e8JKwoeM3R8/MTv598U04ksEXsX3lOcFSnY=
github.com/ddkwork/golibrary v0.0.91-0.20250225120832-ed50dea89457/go.mod h1:FqbWGIsbVqSsVjeNcdUdlHsn/JNA82xFlwbJKsdily0=
github.com/ddkwork/golibrary v0.0.91-0.20250227042052-d984f0dc2c03 h1:NKwU4uJAe4a6sR0yUXZMALn3mmJksYjdOBfEqHCFO2E=
github.com/ddkwork/golibrary v0.0.91-0.20250227042052-d984f0dc2c03/go.mod h1:FqbWGIsbVqSsVjeNcdUdlHsn/JNA82xFlwbJKsdily0=
github.com/ddkwork/golibrary v0.0.91-0.20250227072056-70ad84eececa h1:wAJtRgImF1P8pPIYOcJL+bEuWMKddrWGXX/6mS5xg7k=
github.com/ddkwork/golibrary v0.0.91-0.20250227072056-70ad84eececa/go.mod h1:FqbWGIsbVqSsVjeNcdUdlHsn/JNA82xFlwbJKsdily0=
github.com/ddkwork/golibrary v0.0.91-0.20250228035350-2c45360d571c h1:7U0sfjuFPNZb7XikY65U0PrjT/dwav6cuXr0Q8PvkK8=
github.com/ddkwork/golibrary v0.0.91-0.20250228035350-2c45360d571c/go.mod h1:IYLYFeKPVFG48qHFntgbZxjL5d+WHNLn6IUuKx6Su64=
github.com/ddkwork/golibrary v0.0.91-0.20250301142411-1110965f054b h1:HNxL3jiel1J4fS29bv9PLfhW9ONAPpSe4a6vHpgtk2w=
github.com/ddkwork/golibrary v0.0.91-0.20250301142411-1110965f054b/go.mod h1:IYLYFeKPVFG48qHFntgbZxjL5d+WHNLn6IUuKx6Su64=
github.com/ddkwork/golibrary v0.0.91-0.20250305075445-8b9cd41bb9a4 h1:7TguTXkDPoAj4ziVmmmIYrJDhVKK4g2+j2/WPACeKsw=
github.com/ddkwork/golibrary v0.0.91-0.20250305075445-8b9cd41bb9a4/go.mod h1:IYLYFeKPVFG48qHFntgbZxjL5d+WHNLn6IUuKx6Su64=
github.com/ddkwork/golibrary v0.0.91-0.20250305161447-d6e22f9038bf h1:nV7AtFTXXLyUm5/MWlDbKJFwfkAiH7fF6brjDpisC9g=
github.com/ddkwork/golibrary v0.0.91-0.20250305161447-d6e22f9038bf/go.mod h1:gFkb1XICKQSC4gF3IGGrM6N2Jiv4/3AKOP4K0tLT0wU=
github.com/ddkwork/golibrary v0.0.91-0.20250305180712-ddf6d725a722 h1:hS0HTAtQ/JdDURwLDe0F+c4QvnXxRavvPS99mpL5Gas=
github.com/ddkwork/golibrary v0.0.91-0.20250305180712-ddf6d725a722/go.mod h1:afs36GEYYsVLFfdeMY6DSQzkKueVsU+2yV4S+GPoImw=
github.com/ddkwork/golibrary v0.0.91-0.20250306060015-0aafd20a2452 h1:+wmxdfyN6rmJcC3J6cLcx3UDIii8UHfPYy7TUyvYf18=
github.com/ddkwork/golibrary v0.0.91-0.20250306060015-0aafd20a2452/go.mod h1:K88fLHDlKcBxwoZNLYUFe61XSWgGM+zvJqba8xepN+E=
github.com/ddkwork/toolbox v0.0.0-20250223132126-bc1aa33ca017 h1:tIJzTtEiqFChqKf83AZu9wdjXPCAyvF9lWIwJ+gFuS8=
github.com/ddkwork/toolbox v0.0.0-20250223132126-bc1aa33ca017/go.mod h1:8Smu+JdlrR8LM1aSIe7pLdsMMEB3+28+x7cT21vxYAM=
github.com/ddkwork/toolbox v0.0.0-20250227042439-d5b6fa483d45 h1:NplPTieuVqkyT6eZbC9C+dci+KI+LmTxhI/bVE8Whps=
github.com/ddkwork/toolbox v0.0.0-20250227042439-d5b6fa483d45/go.mod h1:HbTDHZ6bmNtAKzNjCulbn+JIeYOOpsEllbVKEugDsMM=
github.com/ddkwork/toolbox v0.0.0-20250305101644-ff54d4ae6db5 h1:ABW/zoPcZKfR3kb2GXcpXEUSmCX9BbCPAvGoLyX8tHw=
github.com/ddkwork/toolbox v0.0.0-20250305101644-ff54d4ae6db5/go.mod h1:QXd1ui//O5KYonRw9rl3lFhxLRtzF4U+yPDYSNlUcMo=
github.com/ddkwork/unison v0.0.0-20250223133607-c57f5eaea336 h1:LqoymguxwoXEoSdGnPv5u5+30MHDjD0jExYsO80A3nY=
github.com/ddkwork/unison v0.0.0-20250223133607-c57f5eaea336/go.mod h1:1fBT1XUZ0aDSPGPDrWs+ibH4snNFJvrAeF3IOU5WttU=
github.com/ddkwork/unison v0.0.0-20250227042440-cc1aeb4b8b86 h1:WYMAKU5CT06FwWidjhd7ThLTs0qql7XEzd2AD5aJsL0=
github.com/ddkwork/unison v0.0.0-20250227042440-cc1aeb4b8b86/go.mod h1:lj3Co3N9G8JjrX4yYm9Bff/tUWz4hwV8xG0ySAWUfek=
github.com/ddkwork/unison v0.0.0-20250305122932-9fffac22edaf h1:y7AxZyFDUAg2S817CaCIpsT3PH96Gt2kfnN7BCBO+I4=
github.com/ddkwork/unison v0.0.0-20250305122932-9fffac22edaf/go.mod h1:jw4phtkkMTmmZGl4dVberP4z1OX98skoIPGrLB99h1Q=
github.com/ddkwork/unison v0.0.0-20250305185902-8d4bdffe82ef h1:3eg/V/sm8HFJXlCHvc3b6xoExMTCeU56Rd0Op+rSxAg=
github.com/ddkwork/unison v0.0.0-20250305185902-8d4bdffe82ef/go.mod h1:klaJo5NGGi55JQKx+Yc0lFBlDBo2Po6oV8oU9dCVrGo=
github.com/ddkwork/ux v0.0.0-20250303130840-fafe4917a132 h1:VgmlC/bZ7HCtI4s43ShSnAkfk9KOWcnlKZzRwZU8IQU=
github.com/ddkwork/ux v0.0.0-20250303130840-fafe4917a132/go.mod h1:1k3TN9Quwjmgg8tbMcEH0e3faVH2rwv3IGfIC2NSkK8=
github.com/dlclark/regexp2 v1.11.5 h1:Q/sSnsKerHeCkc/jSTNq1oCm7KiVgUMZRDUoRu0JQZQ=
github.com/dlclark/regexp2 v1.11.5/go.mod h1:DHkYz0B9wPfa6wondMfaivmHpzrQ3v9q8cnmRbL6yW8=
github.com/ebitengine/purego v0.8.2 h1:jPPGWs2sZ1UgOSgD2bClL0MJIqu58nOmIcBuXr62z1I=
github.com/ebitengine/purego v0.8.2/go.mod h1:iIjxzd6CiRiOG0UyXP+V1+jWqUXVjPKLAI0mRfJZTmQ=
github.com/ebitengine/purego v0.9.0-alpha.2.0.20250211193246-e9fe9ab98c53 h1:y31FAV0LwnzpfVBd+ZDPl/LQWKnNSDWv9qy8Gakl9LM=
github.com/ebitengine/purego v0.9.0-alpha.2.0.20250211193246-e9fe9ab98c53/go.mod h1:iIjxzd6CiRiOG0UyXP+V1+jWqUXVjPKLAI0mRfJZTmQ=
github.com/edsrzf/mmap-go v1.1.0 h1:6EUwBLQ/Mcr1EYLE4Tn1VdW1A4ckqCQWZBw8Hr0kjpQ=
github.com/edsrzf/mmap-go v1.1.0/go.mod h1:19H/e8pUPLicwkyNgOykDXkJ9F0MHE+Z52B8EIth78Q=
github.com/fatih/color v1.17.0 h1:GlRw1BRJxkpqUCBKzKOw098ed57fEsKeNjpTe3cSjK4=
github.com/fatih/color v1.17.0/go.mod h1:YZ7TlrGPkiz6ku9fK3TLD/pl3CpsiFyu8N92HLgmosI=
github.com/go-quicktest/qt v1.101.0 h1:O1K29Txy5P2OK0dGo59b7b0LR6wKfIhttaAhHUyn7eI=
github.com/go-quicktest/qt v1.101.0/go.mod h1:14Bz/f7NwaXPtdYEgzsx46kqSxVwTbzVZsDC26tQJow=
github.com/go-text/typesetting v0.1.2 h1:KmZOfoxrrYgghohzXgNY7aQPgQ4W+QeKPeRI8yqpDDE=
github.com/go-text/typesetting v0.1.2/go.mod h1:2+owI/sxa73XA581LAzVuEBZ3WEEV2pXeDswCH/3i1I=
github.com/go-text/typesetting v0.2.1/go.mod h1:mTOxEwasOFpAMBjEQDhdWRckoLLeI/+qrQeBCTGEt6M=
github.com/go-text/typesetting v0.3.0 h1:OWCgYpp8njoxSRpwrdd1bQOxdjOXDj9Rqart9ML4iF4=
github.com/go-text/typesetting v0.3.0/go.mod h1:qjZLkhRgOEYMhU9eHBr3AR4sfnGJvOXNLt8yRAySFuY=
github.com/go-text/typesetting-utils v0.0.0-20240317173224-1986cbe96c66 h1:GUrm65PQPlhFSKjLPGOZNPNxLCybjzjYBzjfoBGaDUY=
github.com/go-text/typesetting-utils v0.0.0-20240317173224-1986cbe96c66/go.mod h1:DDxDdQEnB70R8owOx3LVpEFvpMK9eeH1o2r0yZhFI9o=
github.com/google/go-cmp v0.6.0 h1:ofyhxvXcZhMsU5ulbFiLKl/XBFqE1GSq7atu8tAmTRI=
github.com/google/go-cmp v0.6.0/go.mod h1:17dUlkBOakJ0+DkrSSNjCkIjxS6bF9zb3elmeNGIjoY=
github.com/google/go-cmp v0.7.0 h1:wk8382ETsv4JYUZwIsn6YpYiWiBsYLSJiTsyBybVuN8=
github.com/google/go-cmp v0.7.0/go.mod h1:pXiqmnSA92OHEEa9HXL2W4E7lf9JzCmGVUdgjX3N/iU=
github.com/google/uuid v1.6.0 h1:NIvaJDMOsjHA8n1jAhLSgzrAzy1Hgr+hNrb57e+94F0=
github.com/google/uuid v1.6.0/go.mod h1:TIyPZe4MgqvfeYDBFedMoGGpEw/LqOeaOT+nhxU+yHo=
github.com/gorpher/gowin32 v0.0.11 h1:JTN4cHzjG6w2o3lTasRBTSjRQzWsU+uvv517EAmyyEg=
github.com/gorpher/gowin32 v0.0.11/go.mod h1:NI6b6VhHPJqz2D/0lWCAGCNbm4T9dyXhAjagT+Hye8Y=
github.com/kr/pretty v0.3.1 h1:flRD4NNwYAUpkphVc1HcthR4KEIFJ65n8Mw5qdRn3LE=
github.com/kr/pretty v0.3.1/go.mod h1:hoEshYVHaxMs3cyo3Yncou5ZscifuDolrwPKZanG3xk=
github.com/kr/text v0.2.0 h1:5Nx0Ya0ZqY2ygV366QzturHI13Jq95ApcVaJBhpS+AY=
github.com/kr/text v0.2.0/go.mod h1:eLer722TekiGuMkidMxC/pM04lWEeraHUUmBw8l2grE=
github.com/mattn/go-colorable v0.1.13 h1:fFA4WZxdEF4tXPZVKMLwD8oUnCTTo08duU7wxecdEvA=
github.com/mattn/go-colorable v0.1.13/go.mod h1:7S9/ev0klgBDR4GtXTXX8a3vIGJpMovkB8vQcUbaXHg=
github.com/mattn/go-isatty v0.0.16/go.mod h1:kYGgaQfpe5nmfYZH+SKPsOc2e4SrIfOl2e/yFXSvRLM=
github.com/mattn/go-isatty v0.0.20 h1:xfD0iDuEKnDkl03q4limB+vH+GxLEtL/jb4xVJSWWEY=
github.com/mattn/go-isatty v0.0.20/go.mod h1:W+V8PltTTMOvKvAeJH7IuucS94S2C6jfK/D7dTCTo3Y=
github.com/oligo/gvcode v0.0.3-0.20250301165326-8108008a5bcb h1:CqnT/FFuQ3Q3wto3mbWB2aGwRwwH6IB1Aq9BmgGpIws=
github.com/oligo/gvcode v0.0.3-0.20250301165326-8108008a5bcb/go.mod h1:FbEzms1rI1zSHa7EEkupx9FtGnuNa+pqdXuaRbr0YxE=
github.com/pkg/term v1.2.0-beta.2 h1:L3y/h2jkuBVFdWiJvNfYfKmzcCnILw7mJWm2JQuMppw=
github.com/pkg/term v1.2.0-beta.2/go.mod h1:E25nymQcrSllhX42Ok8MRm1+hyBdHY0dCeiKZ9jpNGw=
github.com/pmezard/go-difflib v1.0.0/go.mod h1:iKH77koFhYxTK1pcRnkKkqfTogsbg7gZNVY4sRDYZ/4=
github.com/pmezard/go-difflib v1.0.1-0.20181226105442-5d4384ee4fb2 h1:Jamvg5psRIccs7FGNTlIRMkT8wgtp5eCXdBlqhYGL6U=
github.com/pmezard/go-difflib v1.0.1-0.20181226105442-5d4384ee4fb2/go.mod h1:iKH77koFhYxTK1pcRnkKkqfTogsbg7gZNVY4sRDYZ/4=
github.com/richardwilkes/json v0.3.0 h1:Rk7tgpaEudc2C+Vg5pt0idJDX8/wXqxBlt3Uz8A/oXY=
github.com/richardwilkes/json v0.3.0/go.mod h1:+7qk1QXSKh+NkY0meiJwK57rPnVRbltG3bYnt40Ak4c=
github.com/rivo/uniseg v0.4.7 h1:WUdvkW8uEhrYfLC4ZzdpI2ztxP1I582+49Oc5Mq64VQ=
github.com/rivo/uniseg v0.4.7/go.mod h1:FN3SvrM+Zdj16jyLfmOkMNblXMcoc8DfTHruCPUcx88=
github.com/rogpeppe/go-internal v1.12.0 h1:exVL4IDcn6na9z1rAb56Vxr+CgyK3nn3O+epU5NdKM8=
github.com/rogpeppe/go-internal v1.12.0/go.mod h1:E+RYuTGaKKdloAfM02xzb0FW3Paa99yedzYV+kq4uf4=
github.com/saferwall/pe v1.5.6 h1:DrRLnoQFxHWJ5lJUmrH7X2L0xeUu6SUS95Dc61eW2Yc=
github.com/saferwall/pe v1.5.6/go.mod h1:mJx+PuptmNpoPFBNhWs/uDMFL/kTHVZIkg0d4OUJFbQ=
github.com/secDre4mer/pkcs7 v0.0.0-20240322103146-665324a4461d h1:RQqyEogx5J6wPdoxqL132b100j8KjcVHO1c0KLRoIhc=
github.com/secDre4mer/pkcs7 v0.0.0-20240322103146-665324a4461d/go.mod h1:PegD7EVqlN88z7TpCqH92hHP+GBpfomGCCnw1PFtNOA=
github.com/stretchr/objx v0.1.0/go.mod h1:HFkY916IF+rwdDfMAkV7OtwuqBVzrE8GR6GFx+wExME=
github.com/stretchr/testify v1.7.0/go.mod h1:6Fq8oRcR53rry900zMqJjRRixrwX3KX962/h/Wwjteg=
github.com/stretchr/testify v1.9.0 h1:HtqpIVDClZ4nwg75+f6Lvsy/wHu+3BoSGCbBAcpTsTg=
github.com/stretchr/testify v1.9.0/go.mod h1:r2ic/lqez/lEtzL7wO/rwa5dbSLXVDPFyf8C91i36aY=
github.com/yuin/goldmark v1.4.13/go.mod h1:6yULJ656Px+3vBD8DxQVa3kxgyrAnzto9xy5taEt/CY=
github.com/yuin/goldmark v1.7.8 h1:iERMLn0/QJeHFhxSt3p6PeN9mGnvIKSpG9YYorDMnic=
github.com/yuin/goldmark v1.7.8/go.mod h1:uzxRWxtg69N339t3louHJ7+O03ezfj6PlliRlaOzY1E=
golang.org/x/crypto v0.0.0-20190308221718-c2843e01d9a2/go.mod h1:djNgcEr1/C05ACkg1iLfiJU5Ep61QUkGW8qpdssI0+w=
golang.org/x/crypto v0.0.0-20210921155107-089bfa567519/go.mod h1:GvvjBRRGRdwPK5ydBHafDWAxML/pGHZbMvKqRZ5+Abc=
golang.org/x/exp v0.0.0-20241009180824-f66d83c29e7c h1:7dEasQXItcW1xKJ2+gg5VOiBnqWrJc+rq0DPKyvvdbY=
golang.org/x/exp v0.0.0-20241009180824-f66d83c29e7c/go.mod h1:NQtJDoLvd6faHhE7m4T/1IY708gDefGGjR/iUW8yQQ8=
golang.org/x/exp v0.0.0-20250218142911-aa4b98e5adaa h1:t2QcU6V556bFjYgu4L6C+6VrCPyJZ+eyRsABUPs1mz4=
golang.org/x/exp v0.0.0-20250218142911-aa4b98e5adaa/go.mod h1:BHOTPb3L19zxehTsLoJXVaTktb06DFgmdW6Wb9s8jqk=
golang.org/x/exp v0.0.0-20250228200357-dead58393ab7 h1:aWwlzYV971S4BXRS9AmqwDLAD85ouC6X+pocatKY58c=
golang.org/x/exp v0.0.0-20250228200357-dead58393ab7/go.mod h1:BHOTPb3L19zxehTsLoJXVaTktb06DFgmdW6Wb9s8jqk=
golang.org/x/exp/shiny v0.0.0-20241009180824-f66d83c29e7c h1:jTMrjjZRcSH/BDxWhXCP6OWsfVgmnwI7J+F4/nyVXaU=
golang.org/x/exp/shiny v0.0.0-20241009180824-f66d83c29e7c/go.mod h1:3F+MieQB7dRYLTmnncoFbb1crS5lfQoTfDgQy6K4N0o=
golang.org/x/exp/shiny v0.0.0-20250218142911-aa4b98e5adaa h1:PplMggaL0Bbc/LKcMhOVb5jtdRZoIqqTV9X8UPLC3Yk=
golang.org/x/exp/shiny v0.0.0-20250218142911-aa4b98e5adaa/go.mod h1:ygj7T6vSGhhm/9yTpOQQNvuAUFziTH7RUiH74EoE2C8=
golang.org/x/exp/shiny v0.0.0-20250228200357-dead58393ab7 h1:VxTRg3kpOpYQ+S2PlDH9x2j/ZOQMxVsPgdYYRvkErNY=
golang.org/x/exp/shiny v0.0.0-20250228200357-dead58393ab7/go.mod h1:ygj7T6vSGhhm/9yTpOQQNvuAUFziTH7RUiH74EoE2C8=
golang.org/x/image v0.21.0 h1:c5qV36ajHpdj4Qi0GnE0jUc/yuo33OLFaa0d+crTD5s=
golang.org/x/image v0.21.0/go.mod h1:vUbsLavqK/W303ZroQQVKQ+Af3Yl6Uz1Ppu5J/cLz78=
golang.org/x/image v0.23.0/go.mod h1:wJJBTdLfCCf3tiHa1fNxpZmUI4mmoZvwMCPP0ddoNKY=
golang.org/x/image v0.24.0 h1:AN7zRgVsbvmTfNyqIbbOraYL8mSwcKncEj8ofjgzcMQ=
golang.org/x/image v0.24.0/go.mod h1:4b/ITuLfqYq1hqZcjofwctIhi7sZh2WaCjvsBNjjya8=
golang.org/x/image v0.25.0 h1:Y6uW6rH1y5y/LK1J8BPWZtr6yZ7hrsy6hFrXjgsc2fQ=
golang.org/x/image v0.25.0/go.mod h1:tCAmOEGthTtkalusGp1g3xa2gke8J6c2N565dTyl9Rs=
golang.org/x/mod v0.6.0-dev.0.20220419223038-86c51ed26bb4/go.mod h1:jJ57K6gSWd91VN4djpZkiMVwK6gcyfeH4XE8wZrZaV4=
golang.org/x/mod v0.21.0 h1:vvrHzRwRfVKSiLrG+d4FMl/Qi4ukBCE6kZlTUkDYRT0=
golang.org/x/mod v0.21.0/go.mod h1:6SkKJ3Xj0I0BrPOZoBy3bdMptDDU9oJrpohJ3eWZ1fY=
golang.org/x/mod v0.22.0/go.mod h1:6SkKJ3Xj0I0BrPOZoBy3bdMptDDU9oJrpohJ3eWZ1fY=
golang.org/x/mod v0.23.0 h1:Zb7khfcRGKk+kqfxFaP5tZqCnDZMjC5VtUBs87Hr6QM=
golang.org/x/mod v0.23.0/go.mod h1:6SkKJ3Xj0I0BrPOZoBy3bdMptDDU9oJrpohJ3eWZ1fY=
golang.org/x/mod v0.24.0 h1:ZfthKaKaT4NrhGVZHO1/WDTwGES4De8KtWO0SIbNJMU=
golang.org/x/mod v0.24.0/go.mod h1:IXM97Txy2VM4PJ3gI61r1YEk/gAj6zAHN3AdZt6S9Ww=
golang.org/x/net v0.0.0-20190620200207-3b0461eec859/go.mod h1:z5CRVTTTmAJ677TzLLGU+0bjPO0LkuOLi4/5GtJWs/s=
golang.org/x/net v0.0.0-20210226172049-e18ecbb05110/go.mod h1:m0MpNAwzfU5UDzcl9v0D8zg8gWTRqZa9RBIspLL5mdg=
golang.org/x/net v0.0.0-20220722155237-a158d28d115b/go.mod h1:XRhObCWvk6IyKnWLug+ECip1KBveYUHfp+8e9klMJ9c=
golang.org/x/net v0.35.0 h1:T5GQRQb2y08kTAByq9L4/bz8cipCdA8FbRTXewonqY8=
golang.org/x/net v0.35.0/go.mod h1:EglIi67kWsHKlRzzVMUD93VMSWGFOMSZgxFjparz1Qk=
golang.org/x/net v0.37.0 h1:1zLorHbz+LYj7MQlSf1+2tPIIgibq2eL5xkrGk6f+2c=
golang.org/x/net v0.37.0/go.mod h1:ivrbrMbzFq5J41QOQh0siUuly180yBYtLp+CKbEaFx8=
golang.org/x/sync v0.0.0-20190423024810-112230192c58/go.mod h1:RxMgew5VJxzue5/jJTE5uejpjVlOe/izrB70Jof72aM=
golang.org/x/sync v0.0.0-20220722155255-886fb9371eb4/go.mod h1:RxMgew5VJxzue5/jJTE5uejpjVlOe/izrB70Jof72aM=
golang.org/x/sync v0.11.0 h1:GGz8+XQP4FvTTrjZPzNKTMFtSXH80RAzG+5ghFPgK9w=
golang.org/x/sync v0.11.0/go.mod h1:Czt+wKu1gCyEFDUtn0jG5QVvpJ6rzVqr5aXyt9drQfk=
golang.org/x/sync v0.12.0 h1:MHc5BpPuC30uJk597Ri8TV3CNZcTLu6B6z4lJy+g6Jw=
golang.org/x/sync v0.12.0/go.mod h1:1dzgHSNfp02xaA81J2MS99Qcpr2w7fw1gpm99rleRqA=
golang.org/x/sys v0.0.0-20190215142949-d0b11bdaac8a/go.mod h1:STP8DvDyc/dI5b8T5hshtkjS+E42TnysNCUPdjciGhY=
golang.org/x/sys v0.0.0-20200909081042-eff7692f9009/go.mod h1:h1NjWce9XRLGQEsW7wpKNCjG9DtNlClVuFLEZdDNbEs=
golang.org/x/sys v0.0.0-20201119102817-f84b799fce68/go.mod h1:h1NjWce9XRLGQEsW7wpKNCjG9DtNlClVuFLEZdDNbEs=
golang.org/x/sys v0.0.0-20210615035016-665e8c7367d1/go.mod h1:oPkhp1MJrh7nUepCBck5+mAzfO9JrbApNNgaTdGDITg=
golang.org/x/sys v0.0.0-20211216021012-1d35b9e2eb4e/go.mod h1:oPkhp1MJrh7nUepCBck5+mAzfO9JrbApNNgaTdGDITg=
golang.org/x/sys v0.0.0-20220520151302-bc2c85ada10a/go.mod h1:oPkhp1MJrh7nUepCBck5+mAzfO9JrbApNNgaTdGDITg=
golang.org/x/sys v0.0.0-20220722155257-8c9f86f7a55f/go.mod h1:oPkhp1MJrh7nUepCBck5+mAzfO9JrbApNNgaTdGDITg=
golang.org/x/sys v0.0.0-20220811171246-fbc7d0a398ab/go.mod h1:oPkhp1MJrh7nUepCBck5+mAzfO9JrbApNNgaTdGDITg=
golang.org/x/sys v0.6.0/go.mod h1:oPkhp1MJrh7nUepCBck5+mAzfO9JrbApNNgaTdGDITg=
golang.org/x/sys v0.26.0 h1:KHjCJyddX0LoSTb3J+vWpupP9p0oznkqVk/IfjymZbo=
golang.org/x/sys v0.26.0/go.mod h1:/VUhepiaJMQUp4+oa/7Zr1D23ma6VTLIYjOOTFZPUcA=
golang.org/x/sys v0.28.0/go.mod h1:/VUhepiaJMQUp4+oa/7Zr1D23ma6VTLIYjOOTFZPUcA=
golang.org/x/sys v0.30.0 h1:QjkSwP/36a20jFYWkSue1YwXzLmsV5Gfq7Eiy72C1uc=
golang.org/x/sys v0.30.0/go.mod h1:/VUhepiaJMQUp4+oa/7Zr1D23ma6VTLIYjOOTFZPUcA=
golang.org/x/sys v0.31.0 h1:ioabZlmFYtWhL+TRYpcnNlLwhyxaM9kWTDEmfnprqik=
golang.org/x/sys v0.31.0/go.mod h1:BJP2sWEmIv4KK5OTEluFJCKSidICx8ciO85XgH3Ak8k=
golang.org/x/term v0.0.0-20201126162022-7de9c90e9dd1/go.mod h1:bj7SfCRtBDWHUb9snDiAeCFNEtKQo2Wmx5Cou7ajbmo=
golang.org/x/term v0.0.0-20210927222741-03fcf44c2211/go.mod h1:jbD1KX2456YbFQfuXm/mYQcufACuNUgVhRMnK/tPxf8=
golang.org/x/text v0.3.0/go.mod h1:NqM8EUOU14njkJ3fqMW+pc6Ldnwhi/IjpwHt7yyuwOQ=
golang.org/x/text v0.3.3/go.mod h1:5Zoc/QRtKVWzQhOtBMvqHzDpF6irO9z98xDceosuGiQ=
golang.org/x/text v0.3.7/go.mod h1:u+2+/6zg+i71rQMx5EYifcz6MCKuco9NR6JIITiCfzQ=
golang.org/x/text v0.7.0/go.mod h1:mrYo+phRRbMaCq/xk9113O4dZlRixOauAjOtrjsXDZ8=
golang.org/x/text v0.19.0 h1:kTxAhCbGbxhK0IwgSKiMO5awPoDQ0RpfiVYBfK860YM=
golang.org/x/text v0.19.0/go.mod h1:BuEKDfySbSR4drPmRPG/7iBdf8hvFMuRexcpahXilzY=
golang.org/x/text v0.21.0/go.mod h1:4IBbMaMmOPCJ8SecivzSH54+73PCFmPWxNTLm+vZkEQ=
golang.org/x/text v0.22.0 h1:bofq7m3/HAFvbF51jz3Q9wLg3jkvSPuiZu/pD1XwgtM=
golang.org/x/text v0.22.0/go.mod h1:YRoo4H8PVmsu+E3Ou7cqLVH8oXWIHVoX0jqUWALQhfY=
golang.org/x/text v0.23.0 h1:D71I7dUrlY+VX0gQShAThNGHFxZ13dGLBHQLVl1mJlY=
golang.org/x/text v0.23.0/go.mod h1:/BLNzu4aZCJ1+kcD0DNRotWKage4q2rGVAg4o22unh4=
golang.org/x/tools v0.0.0-20180917221912-90fa682c2a6e/go.mod h1:n7NCudcB/nEzxVGmLbDWY5pfWTLqBcC2KZ6jyYvM4mQ=
golang.org/x/tools v0.0.0-20191119224855-298f0cb1881e/go.mod h1:b+2E5dAYhXwXZwtnZ6UAqBI28+e2cm9otk0dWdXHAEo=
golang.org/x/tools v0.1.12/go.mod h1:hNGJHUnrk76NpqgfD5Aqm5Crs+Hm0VOH/i9J2+nxYbc=
golang.org/x/tools v0.26.0 h1:v/60pFQmzmT9ExmjDv2gGIfi3OqfKoEP6I5+umXlbnQ=
golang.org/x/tools v0.26.0/go.mod h1:TPVVj70c7JJ3WCazhD8OdXcZg/og+b9+tH/KxylGwH0=
golang.org/x/tools v0.28.0/go.mod h1:dcIOrVd3mfQKTgrDVQHqCPMWy6lnhfhtX3hLXYVLfRw=
golang.org/x/tools v0.30.0 h1:BgcpHewrV5AUp2G9MebG4XPFI1E2W41zU1SaqVA9vJY=
golang.org/x/tools v0.30.0/go.mod h1:c347cR/OJfw5TI+GfX7RUPNMdDRRbjvYTS0jPyvsVtY=
golang.org/x/tools v0.31.0 h1:0EedkvKDbh+qistFTd0Bcwe/YLh4vHwWEkiI0toFIBU=
golang.org/x/tools v0.31.0/go.mod h1:naFTU+Cev749tSJRXJlna0T3WxKvb1kWEx15xA4SdmQ=
golang.org/x/xerrors v0.0.0-20190717185122-a985d3407aa7/go.mod h1:I/5z698sn9Ka8TeJc9MKroUUfqBBauWjQqLJ2OPfmY0=
gopkg.in/check.v1 v0.0.0-20161208181325-20d25e280405/go.mod h1:Co6ibVJAznAaIkqp8huTwlJQCZ016jof/cbN4VW5Yz0=
gopkg.in/yaml.v3 v3.0.0-20200313102051-9f266ea9e77c h1:dUUwHk2QECo/6vqA44rthZ8ie2QXMNeKRTHCNY2nXvo=
gopkg.in/yaml.v3 v3.0.0-20200313102051-9f266ea9e77c/go.mod h1:K4uyk7z7BCEPqu6E+C64Yfv1cQ7kz7rIZviUmN+EgEM=
gopkg.in/yaml.v3 v3.0.1 h1:fxVm/GzAzEWqLHuvctI91KS9hhNmmWOoWu0XTYJS7CA=
gopkg.in/yaml.v3 v3.0.1/go.mod h1:K4uyk7z7BCEPqu6E+C64Yfv1cQ7kz7rIZviUmN+EgEM=
mvdan.cc/gofumpt v0.7.0 h1:bg91ttqXmi9y2xawvkuMXyvAA/1ZGJqYAEGjXuP0JXU=
mvdan.cc/gofumpt v0.7.0/go.mod h1:txVFJy/Sc/mvaycET54pV8SW8gWxTlUuGHVEcncmNUo=
